// !$*UTF8*$!
{
	archiveVersion = 1;
	classes = {
	};
	objectVersion = 55;
	objects = {

/* Begin PBXBuildFile section */
		57357D4F28B493C900B78A6E /* Memo.swift in Sources */ = {isa = PBXBuildFile; fileRef = 57357D4E28B493C900B78A6E /* Memo.swift */; };
		57357D5428B498FB00B78A6E /* MemoState.swift in Sources */ = {isa = PBXBuildFile; fileRef = 57357D5328B498FB00B78A6E /* MemoState.swift */; };
		57357D5628B49AD400B78A6E /* MemoActions.swift in Sources */ = {isa = PBXBuildFile; fileRef = 57357D5528B49AD400B78A6E /* MemoActions.swift */; };
		57357D5928B49C0F00B78A6E /* memoApi.swift in Sources */ = {isa = PBXBuildFile; fileRef = 57357D5828B49C0F00B78A6E /* memoApi.swift */; };
		57357D5B28B49C5600B78A6E /* MemoEnvironment.swift in Sources */ = {isa = PBXBuildFile; fileRef = 57357D5A28B49C5600B78A6E /* MemoEnvironment.swift */; };
		57357D5D28B49CDA00B78A6E /* memoReducer.swift in Sources */ = {isa = PBXBuildFile; fileRef = 57357D5C28B49CDA00B78A6E /* memoReducer.swift */; };
		57777BEB28B46B0F0047BC1B /* MemoView.swift in Sources */ = {isa = PBXBuildFile; fileRef = 57777BEA28B46B0F0047BC1B /* MemoView.swift */; };
		57E16CC528B382280025AE25 /* Tests_iOS.swift in Sources */ = {isa = PBXBuildFile; fileRef = 57E16CC428B382280025AE25 /* Tests_iOS.swift */; };
		57E16CC728B382280025AE25 /* Tests_iOSLaunchTests.swift in Sources */ = {isa = PBXBuildFile; fileRef = 57E16CC628B382280025AE25 /* Tests_iOSLaunchTests.swift */; };
		57E16CD428B382280025AE25 /* TCA_Architecture.xcdatamodeld in Sources */ = {isa = PBXBuildFile; fileRef = 57E16CA928B382230025AE25 /* TCA_Architecture.xcdatamodeld */; };
		57E16CD628B382280025AE25 /* TCA_ArchitectureApp.swift in Sources */ = {isa = PBXBuildFile; fileRef = 57E16CAB28B382230025AE25 /* TCA_ArchitectureApp.swift */; };
		57E16CD828B382280025AE25 /* ContentView.swift in Sources */ = {isa = PBXBuildFile; fileRef = 57E16CAC28B382230025AE25 /* ContentView.swift */; };
		57E16CDA28B382280025AE25 /* Persistence.swift in Sources */ = {isa = PBXBuildFile; fileRef = 57E16CAD28B382230025AE25 /* Persistence.swift */; };
		57E16CDC28B382280025AE25 /* Assets.xcassets in Resources */ = {isa = PBXBuildFile; fileRef = 57E16CAE28B382280025AE25 /* Assets.xcassets */; };
		57E16CEE28B386730025AE25 /* ComposableArchitecture in Frameworks */ = {isa = PBXBuildFile; productRef = 57E16CED28B386730025AE25 /* ComposableArchitecture */; };
		57E16CF028B389780025AE25 /* RootView.swift in Sources */ = {isa = PBXBuildFile; fileRef = 57E16CEF28B389780025AE25 /* RootView.swift */; };
/* End PBXBuildFile section */

/* Begin PBXContainerItemProxy section */
		57E16CC128B382280025AE25 /* PBXContainerItemProxy */ = {
			isa = PBXContainerItemProxy;
			containerPortal = 57E16CA428B382220025AE25 /* Project object */;
			proxyType = 1;
			remoteGlobalIDString = 57E16CB228B382280025AE25;
			remoteInfo = "TCA_Architecture (iOS)";
		};
/* End PBXContainerItemProxy section */

/* Begin PBXFileReference section */
		57357D4E28B493C900B78A6E /* Memo.swift */ = {isa = PBXFileReference; lastKnownFileType = sourcecode.swift; path = Memo.swift; sourceTree = "<group>"; };
		57357D5328B498FB00B78A6E /* MemoState.swift */ = {isa = PBXFileReference; lastKnownFileType = sourcecode.swift; path = MemoState.swift; sourceTree = "<group>"; };
		57357D5528B49AD400B78A6E /* MemoActions.swift */ = {isa = PBXFileReference; lastKnownFileType = sourcecode.swift; path = MemoActions.swift; sourceTree = "<group>"; };
		57357D5828B49C0F00B78A6E /* memoApi.swift */ = {isa = PBXFileReference; lastKnownFileType = sourcecode.swift; path = memoApi.swift; sourceTree = "<group>"; };
		57357D5A28B49C5600B78A6E /* MemoEnvironment.swift */ = {isa = PBXFileReference; lastKnownFileType = sourcecode.swift; path = MemoEnvironment.swift; sourceTree = "<group>"; };
		57357D5C28B49CDA00B78A6E /* memoReducer.swift */ = {isa = PBXFileReference; lastKnownFileType = sourcecode.swift; path = memoReducer.swift; sourceTree = "<group>"; };
		57777BEA28B46B0F0047BC1B /* MemoView.swift */ = {isa = PBXFileReference; lastKnownFileType = sourcecode.swift; path = MemoView.swift; sourceTree = "<group>"; };
		57E16CAA28B382230025AE25 /* Shared.xcdatamodel */ = {isa = PBXFileReference; lastKnownFileType = wrapper.xcdatamodel; path = Shared.xcdatamodel; sourceTree = "<group>"; };
		57E16CAB28B382230025AE25 /* TCA_ArchitectureApp.swift */ = {isa = PBXFileReference; lastKnownFileType = sourcecode.swift; path = TCA_ArchitectureApp.swift; sourceTree = "<group>"; };
		57E16CAC28B382230025AE25 /* ContentView.swift */ = {isa = PBXFileReference; lastKnownFileType = sourcecode.swift; path = ContentView.swift; sourceTree = "<group>"; };
		57E16CAD28B382230025AE25 /* Persistence.swift */ = {isa = PBXFileReference; lastKnownFileType = sourcecode.swift; path = Persistence.swift; sourceTree = "<group>"; };
		57E16CAE28B382280025AE25 /* Assets.xcassets */ = {isa = PBXFileReference; lastKnownFileType = folder.assetcatalog; path = Assets.xcassets; sourceTree = "<group>"; };
		57E16CB328B382280025AE25 /* TCA_Architecture.app */ = {isa = PBXFileReference; explicitFileType = wrapper.application; includeInIndex = 0; path = TCA_Architecture.app; sourceTree = BUILT_PRODUCTS_DIR; };
		57E16CC028B382280025AE25 /* Tests iOS.xctest */ = {isa = PBXFileReference; explicitFileType = wrapper.cfbundle; includeInIndex = 0; path = "Tests iOS.xctest"; sourceTree = BUILT_PRODUCTS_DIR; };
		57E16CC428B382280025AE25 /* Tests_iOS.swift */ = {isa = PBXFileReference; lastKnownFileType = sourcecode.swift; path = Tests_iOS.swift; sourceTree = "<group>"; };
		57E16CC628B382280025AE25 /* Tests_iOSLaunchTests.swift */ = {isa = PBXFileReference; lastKnownFileType = sourcecode.swift; path = Tests_iOSLaunchTests.swift; sourceTree = "<group>"; };
		57E16CEF28B389780025AE25 /* RootView.swift */ = {isa = PBXFileReference; lastKnownFileType = sourcecode.swift; path = RootView.swift; sourceTree = "<group>"; };
/* End PBXFileReference section */

/* Begin PBXFrameworksBuildPhase section */
		57E16CB028B382280025AE25 /* Frameworks */ = {
			isa = PBXFrameworksBuildPhase;
			buildActionMask = 2147483647;
			files = (
				57E16CEE28B386730025AE25 /* ComposableArchitecture in Frameworks */,
			);
			runOnlyForDeploymentPostprocessing = 0;
		};
		57E16CBD28B382280025AE25 /* Frameworks */ = {
			isa = PBXFrameworksBuildPhase;
			buildActionMask = 2147483647;
			files = (
			);
			runOnlyForDeploymentPostprocessing = 0;
		};
/* End PBXFrameworksBuildPhase section */

/* Begin PBXGroup section */
		57357D4D28B493B900B78A6E /* entity */ = {
			isa = PBXGroup;
			children = (
				57357D4E28B493C900B78A6E /* Memo.swift */,
			);
			path = entity;
			sourceTree = "<group>";
		};
		57357D5028B4947E00B78A6E /* environment */ = {
			isa = PBXGroup;
			children = (
				57357D5728B49BF600B78A6E /* memo */,
			);
			path = environment;
			sourceTree = "<group>";
		};
		57357D5728B49BF600B78A6E /* memo */ = {
			isa = PBXGroup;
			children = (
				57357D5828B49C0F00B78A6E /* memoApi.swift */,
				57357D5A28B49C5600B78A6E /* MemoEnvironment.swift */,
			);
			path = memo;
			sourceTree = "<group>";
		};
		57777BE628B469770047BC1B /* actions */ = {
			isa = PBXGroup;
			children = (
				57357D5528B49AD400B78A6E /* MemoActions.swift */,
			);
			path = actions;
			sourceTree = "<group>";
		};
		57777BE728B4697F0047BC1B /* reducers */ = {
			isa = PBXGroup;
			children = (
				57357D5C28B49CDA00B78A6E /* memoReducer.swift */,
			);
			path = reducers;
			sourceTree = "<group>";
		};
		57777BE828B46A1A0047BC1B /* state */ = {
			isa = PBXGroup;
			children = (
				57357D5328B498FB00B78A6E /* MemoState.swift */,
			);
			path = state;
			sourceTree = "<group>";
		};
		57777BE928B46ADE0047BC1B /* memo */ = {
			isa = PBXGroup;
			children = (
				57777BEA28B46B0F0047BC1B /* MemoView.swift */,
			);
			path = memo;
			sourceTree = "<group>";
		};
		578A01C828B5A9E80039CD57 /* intent */ = {
			isa = PBXGroup;
			children = (
				57777BE628B469770047BC1B /* actions */,
				57777BE728B4697F0047BC1B /* reducers */,
				57777BE828B46A1A0047BC1B /* state */,
			);
			path = intent;
			sourceTree = "<group>";
		};
		57E16CA328B382220025AE25 = {
			isa = PBXGroup;
			children = (
				57E16CA828B382230025AE25 /* Shared */,
				57E16CC328B382280025AE25 /* Tests iOS */,
				57E16CB428B382280025AE25 /* Products */,
			);
			sourceTree = "<group>";
		};
		57E16CA828B382230025AE25 /* Shared */ = {
			isa = PBXGroup;
			children = (
				57E16D1728B461BB0025AE25 /* model */,
				57E16D1628B461B40025AE25 /* view */,
				578A01C828B5A9E80039CD57 /* intent */,
				57E16CAB28B382230025AE25 /* TCA_ArchitectureApp.swift */,
				57E16CAC28B382230025AE25 /* ContentView.swift */,
				57E16CAD28B382230025AE25 /* Persistence.swift */,
				57E16CAE28B382280025AE25 /* Assets.xcassets */,
				57E16CA928B382230025AE25 /* TCA_Architecture.xcdatamodeld */,
			);
			path = Shared;
			sourceTree = "<group>";
		};
		57E16CB428B382280025AE25 /* Products */ = {
			isa = PBXGroup;
			children = (
				57E16CB328B382280025AE25 /* TCA_Architecture.app */,
				57E16CC028B382280025AE25 /* Tests iOS.xctest */,
			);
			name = Products;
			sourceTree = "<group>";
		};
		57E16CC328B382280025AE25 /* Tests iOS */ = {
			isa = PBXGroup;
			children = (
				57E16CC428B382280025AE25 /* Tests_iOS.swift */,
				57E16CC628B382280025AE25 /* Tests_iOSLaunchTests.swift */,
			);
			path = "Tests iOS";
			sourceTree = "<group>";
		};
		57E16D1628B461B40025AE25 /* view */ = {
			isa = PBXGroup;
			children = (
				57777BE928B46ADE0047BC1B /* memo */,
				57E16CEF28B389780025AE25 /* RootView.swift */,
			);
			path = view;
			sourceTree = "<group>";
		};
		57E16D1728B461BB0025AE25 /* model */ = {
			isa = PBXGroup;
			children = (
				57357D4D28B493B900B78A6E /* entity */,
				57357D5028B4947E00B78A6E /* environment */,
			);
			path = model;
			sourceTree = "<group>";
		};
/* End PBXGroup section */

/* Begin PBXNativeTarget section */
		57E16CB228B382280025AE25 /* TCA_Architecture (iOS) */ = {
			isa = PBXNativeTarget;
			buildConfigurationList = 57E16CE028B382280025AE25 /* Build configuration list for PBXNativeTarget "TCA_Architecture (iOS)" */;
			buildPhases = (
				57E16CAF28B382280025AE25 /* Sources */,
				57E16CB028B382280025AE25 /* Frameworks */,
				57E16CB128B382280025AE25 /* Resources */,
			);
			buildRules = (
			);
			dependencies = (
			);
			name = "TCA_Architecture (iOS)";
			packageProductDependencies = (
				57E16CED28B386730025AE25 /* ComposableArchitecture */,
			);
			productName = "TCA_Architecture (iOS)";
			productReference = 57E16CB328B382280025AE25 /* TCA_Architecture.app */;
			productType = "com.apple.product-type.application";
		};
		57E16CBF28B382280025AE25 /* Tests iOS */ = {
			isa = PBXNativeTarget;
			buildConfigurationList = 57E16CE628B382280025AE25 /* Build configuration list for PBXNativeTarget "Tests iOS" */;
			buildPhases = (
				57E16CBC28B382280025AE25 /* Sources */,
				57E16CBD28B382280025AE25 /* Frameworks */,
				57E16CBE28B382280025AE25 /* Resources */,
			);
			buildRules = (
			);
			dependencies = (
				57E16CC228B382280025AE25 /* PBXTargetDependency */,
			);
			name = "Tests iOS";
			productName = "Tests iOS";
			productReference = 57E16CC028B382280025AE25 /* Tests iOS.xctest */;
			productType = "com.apple.product-type.bundle.ui-testing";
		};
/* End PBXNativeTarget section */

/* Begin PBXProject section */
		57E16CA428B382220025AE25 /* Project object */ = {
			isa = PBXProject;
			attributes = {
				BuildIndependentTargetsInParallel = 1;
				LastSwiftUpdateCheck = 1340;
				LastUpgradeCheck = 1340;
				TargetAttributes = {
					57E16CB228B382280025AE25 = {
						CreatedOnToolsVersion = 13.4.1;
					};
					57E16CBF28B382280025AE25 = {
						CreatedOnToolsVersion = 13.4.1;
						TestTargetID = 57E16CB228B382280025AE25;
					};
				};
			};
			buildConfigurationList = 57E16CA728B382220025AE25 /* Build configuration list for PBXProject "TCA_Architecture" */;
			compatibilityVersion = "Xcode 13.0";
			developmentRegion = en;
			hasScannedForEncodings = 0;
			knownRegions = (
				en,
				Base,
			);
			mainGroup = 57E16CA328B382220025AE25;
			packageReferences = (
				57E16CEC28B386730025AE25 /* XCRemoteSwiftPackageReference "swift-composable-architecture" */,
			);
			productRefGroup = 57E16CB428B382280025AE25 /* Products */;
			projectDirPath = "";
			projectRoot = "";
			targets = (
				57E16CB228B382280025AE25 /* TCA_Architecture (iOS) */,
				57E16CBF28B382280025AE25 /* Tests iOS */,
			);
		};
/* End PBXProject section */

/* Begin PBXResourcesBuildPhase section */
		57E16CB128B382280025AE25 /* Resources */ = {
			isa = PBXResourcesBuildPhase;
			buildActionMask = 2147483647;
			files = (
				57E16CDC28B382280025AE25 /* Assets.xcassets in Resources */,
			);
			runOnlyForDeploymentPostprocessing = 0;
		};
		57E16CBE28B382280025AE25 /* Resources */ = {
			isa = PBXResourcesBuildPhase;
			buildActionMask = 2147483647;
			files = (
			);
			runOnlyForDeploymentPostprocessing = 0;
		};
/* End PBXResourcesBuildPhase section */

/* Begin PBXSourcesBuildPhase section */
		57E16CAF28B382280025AE25 /* Sources */ = {
			isa = PBXSourcesBuildPhase;
			buildActionMask = 2147483647;
			files = (
				57357D4F28B493C900B78A6E /* Memo.swift in Sources */,
				57E16CD428B382280025AE25 /* TCA_Architecture.xcdatamodeld in Sources */,
				57E16CDA28B382280025AE25 /* Persistence.swift in Sources */,
				57357D5628B49AD400B78A6E /* MemoActions.swift in Sources */,
				57357D5D28B49CDA00B78A6E /* memoReducer.swift in Sources */,
				57357D5B28B49C5600B78A6E /* MemoEnvironment.swift in Sources */,
				57E16CD628B382280025AE25 /* TCA_ArchitectureApp.swift in Sources */,
				57E16CD828B382280025AE25 /* ContentView.swift in Sources */,
				57777BEB28B46B0F0047BC1B /* MemoView.swift in Sources */,
				57357D5928B49C0F00B78A6E /* memoApi.swift in Sources */,
				57357D5428B498FB00B78A6E /* MemoState.swift in Sources */,
				57E16CF028B389780025AE25 /* RootView.swift in Sources */,
			);
			runOnlyForDeploymentPostprocessing = 0;
		};
		57E16CBC28B382280025AE25 /* Sources */ = {
			isa = PBXSourcesBuildPhase;
			buildActionMask = 2147483647;
			files = (
				57E16CC728B382280025AE25 /* Tests_iOSLaunchTests.swift in Sources */,
				57E16CC528B382280025AE25 /* Tests_iOS.swift in Sources */,
			);
			runOnlyForDeploymentPostprocessing = 0;
		};
/* End PBXSourcesBuildPhase section */

/* Begin PBXTargetDependency section */
		57E16CC228B382280025AE25 /* PBXTargetDependency */ = {
			isa = PBXTargetDependency;
			target = 57E16CB228B382280025AE25 /* TCA_Architecture (iOS) */;
			targetProxy = 57E16CC128B382280025AE25 /* PBXContainerItemProxy */;
		};
/* End PBXTargetDependency section */

/* Begin XCBuildConfiguration section */
		57E16CDE28B382280025AE25 /* Debug */ = {
			isa = XCBuildConfiguration;
			buildSettings = {
				ALWAYS_SEARCH_USER_PATHS = NO;
				CLANG_ANALYZER_NONNULL = YES;
				CLANG_ANALYZER_NUMBER_OBJECT_CONVERSION = YES_AGGRESSIVE;
				CLANG_CXX_LANGUAGE_STANDARD = "gnu++17";
				CLANG_ENABLE_MODULES = YES;
				CLANG_ENABLE_OBJC_ARC = YES;
				CLANG_ENABLE_OBJC_WEAK = YES;
				CLANG_WARN_BLOCK_CAPTURE_AUTORELEASING = YES;
				CLANG_WARN_BOOL_CONVERSION = YES;
				CLANG_WARN_COMMA = YES;
				CLANG_WARN_CONSTANT_CONVERSION = YES;
				CLANG_WARN_DEPRECATED_OBJC_IMPLEMENTATIONS = YES;
				CLANG_WARN_DIRECT_OBJC_ISA_USAGE = YES_ERROR;
				CLANG_WARN_DOCUMENTATION_COMMENTS = YES;
				CLANG_WARN_EMPTY_BODY = YES;
				CLANG_WARN_ENUM_CONVERSION = YES;
				CLANG_WARN_INFINITE_RECURSION = YES;
				CLANG_WARN_INT_CONVERSION = YES;
				CLANG_WARN_NON_LITERAL_NULL_CONVERSION = YES;
				CLANG_WARN_OBJC_IMPLICIT_RETAIN_SELF = YES;
				CLANG_WARN_OBJC_LITERAL_CONVERSION = YES;
				CLANG_WARN_OBJC_ROOT_CLASS = YES_ERROR;
				CLANG_WARN_QUOTED_INCLUDE_IN_FRAMEWORK_HEADER = YES;
				CLANG_WARN_RANGE_LOOP_ANALYSIS = YES;
				CLANG_WARN_STRICT_PROTOTYPES = YES;
				CLANG_WARN_SUSPICIOUS_MOVE = YES;
				CLANG_WARN_UNGUARDED_AVAILABILITY = YES_AGGRESSIVE;
				CLANG_WARN_UNREACHABLE_CODE = YES;
				CLANG_WARN__DUPLICATE_METHOD_MATCH = YES;
				COPY_PHASE_STRIP = NO;
				DEBUG_INFORMATION_FORMAT = dwarf;
				ENABLE_STRICT_OBJC_MSGSEND = YES;
				ENABLE_TESTABILITY = YES;
				GCC_C_LANGUAGE_STANDARD = gnu11;
				GCC_DYNAMIC_NO_PIC = NO;
				GCC_NO_COMMON_BLOCKS = YES;
				GCC_OPTIMIZATION_LEVEL = 0;
				GCC_PREPROCESSOR_DEFINITIONS = (
					"DEBUG=1",
					"$(inherited)",
				);
				GCC_WARN_64_TO_32_BIT_CONVERSION = YES;
				GCC_WARN_ABOUT_RETURN_TYPE = YES_ERROR;
				GCC_WARN_UNDECLARED_SELECTOR = YES;
				GCC_WARN_UNINITIALIZED_AUTOS = YES_AGGRESSIVE;
				GCC_WARN_UNUSED_FUNCTION = YES;
				GCC_WARN_UNUSED_VARIABLE = YES;
				MTL_ENABLE_DEBUG_INFO = INCLUDE_SOURCE;
				MTL_FAST_MATH = YES;
				ONLY_ACTIVE_ARCH = YES;
				SWIFT_ACTIVE_COMPILATION_CONDITIONS = DEBUG;
				SWIFT_OPTIMIZATION_LEVEL = "-Onone";
			};
			name = Debug;
		};
		57E16CDF28B382280025AE25 /* Release */ = {
			isa = XCBuildConfiguration;
			buildSettings = {
				ALWAYS_SEARCH_USER_PATHS = NO;
				CLANG_ANALYZER_NONNULL = YES;
				CLANG_ANALYZER_NUMBER_OBJECT_CONVERSION = YES_AGGRESSIVE;
				CLANG_CXX_LANGUAGE_STANDARD = "gnu++17";
				CLANG_ENABLE_MODULES = YES;
				CLANG_ENABLE_OBJC_ARC = YES;
				CLANG_ENABLE_OBJC_WEAK = YES;
				CLANG_WARN_BLOCK_CAPTURE_AUTORELEASING = YES;
				CLANG_WARN_BOOL_CONVERSION = YES;
				CLANG_WARN_COMMA = YES;
				CLANG_WARN_CONSTANT_CONVERSION = YES;
				CLANG_WARN_DEPRECATED_OBJC_IMPLEMENTATIONS = YES;
				CLANG_WARN_DIRECT_OBJC_ISA_USAGE = YES_ERROR;
				CLANG_WARN_DOCUMENTATION_COMMENTS = YES;
				CLANG_WARN_EMPTY_BODY = YES;
				CLANG_WARN_ENUM_CONVERSION = YES;
				CLANG_WARN_INFINITE_RECURSION = YES;
				CLANG_WARN_INT_CONVERSION = YES;
				CLANG_WARN_NON_LITERAL_NULL_CONVERSION = YES;
				CLANG_WARN_OBJC_IMPLICIT_RETAIN_SELF = YES;
				CLANG_WARN_OBJC_LITERAL_CONVERSION = YES;
				CLANG_WARN_OBJC_ROOT_CLASS = YES_ERROR;
				CLANG_WARN_QUOTED_INCLUDE_IN_FRAMEWORK_HEADER = YES;
				CLANG_WARN_RANGE_LOOP_ANALYSIS = YES;
				CLANG_WARN_STRICT_PROTOTYPES = YES;
				CLANG_WARN_SUSPICIOUS_MOVE = YES;
				CLANG_WARN_UNGUARDED_AVAILABILITY = YES_AGGRESSIVE;
				CLANG_WARN_UNREACHABLE_CODE = YES;
				CLANG_WARN__DUPLICATE_METHOD_MATCH = YES;
				COPY_PHASE_STRIP = NO;
				DEBUG_INFORMATION_FORMAT = "dwarf-with-dsym";
				ENABLE_NS_ASSERTIONS = NO;
				ENABLE_STRICT_OBJC_MSGSEND = YES;
				GCC_C_LANGUAGE_STANDARD = gnu11;
				GCC_NO_COMMON_BLOCKS = YES;
				GCC_WARN_64_TO_32_BIT_CONVERSION = YES;
				GCC_WARN_ABOUT_RETURN_TYPE = YES_ERROR;
				GCC_WARN_UNDECLARED_SELECTOR = YES;
				GCC_WARN_UNINITIALIZED_AUTOS = YES_AGGRESSIVE;
				GCC_WARN_UNUSED_FUNCTION = YES;
				GCC_WARN_UNUSED_VARIABLE = YES;
				MTL_ENABLE_DEBUG_INFO = NO;
				MTL_FAST_MATH = YES;
				SWIFT_COMPILATION_MODE = wholemodule;
				SWIFT_OPTIMIZATION_LEVEL = "-O";
			};
			name = Release;
		};
		57E16CE128B382280025AE25 /* Debug */ = {
			isa = XCBuildConfiguration;
			buildSettings = {
				ASSETCATALOG_COMPILER_APPICON_NAME = AppIcon;
				ASSETCATALOG_COMPILER_GLOBAL_ACCENT_COLOR_NAME = AccentColor;
				CODE_SIGN_STYLE = Automatic;
				CURRENT_PROJECT_VERSION = 1;
				DEVELOPMENT_TEAM = SZGU56NFW7;
				ENABLE_PREVIEWS = YES;
				GENERATE_INFOPLIST_FILE = YES;
				INFOPLIST_KEY_UIApplicationSceneManifest_Generation = YES;
				INFOPLIST_KEY_UIApplicationSupportsIndirectInputEvents = YES;
				INFOPLIST_KEY_UILaunchScreen_Generation = YES;
				INFOPLIST_KEY_UISupportedInterfaceOrientations_iPad = "UIInterfaceOrientationPortrait UIInterfaceOrientationPortraitUpsideDown UIInterfaceOrientationLandscapeLeft UIInterfaceOrientationLandscapeRight";
				INFOPLIST_KEY_UISupportedInterfaceOrientations_iPhone = "UIInterfaceOrientationPortrait UIInterfaceOrientationLandscapeLeft UIInterfaceOrientationLandscapeRight";
				IPHONEOS_DEPLOYMENT_TARGET = 15.5;
				LD_RUNPATH_SEARCH_PATHS = (
					"$(inherited)",
					"@executable_path/Frameworks",
				);
				MARKETING_VERSION = 1.0;
				PRODUCT_BUNDLE_IDENTIFIER = "com.gunoo.TCA-Architecture";
				PRODUCT_NAME = TCA_Architecture;
				SDKROOT = iphoneos;
				SWIFT_EMIT_LOC_STRINGS = YES;
				SWIFT_VERSION = 5.0;
				TARGETED_DEVICE_FAMILY = "1,2";
			};
			name = Debug;
		};
		57E16CE228B382280025AE25 /* Release */ = {
			isa = XCBuildConfiguration;
			buildSettings = {
				ASSETCATALOG_COMPILER_APPICON_NAME = AppIcon;
				ASSETCATALOG_COMPILER_GLOBAL_ACCENT_COLOR_NAME = AccentColor;
				CODE_SIGN_STYLE = Automatic;
				CURRENT_PROJECT_VERSION = 1;
				DEVELOPMENT_TEAM = SZGU56NFW7;
				ENABLE_PREVIEWS = YES;
				GENERATE_INFOPLIST_FILE = YES;
				INFOPLIST_KEY_UIApplicationSceneManifest_Generation = YES;
				INFOPLIST_KEY_UIApplicationSupportsIndirectInputEvents = YES;
				INFOPLIST_KEY_UILaunchScreen_Generation = YES;
				INFOPLIST_KEY_UISupportedInterfaceOrientations_iPad = "UIInterfaceOrientationPortrait UIInterfaceOrientationPortraitUpsideDown UIInterfaceOrientationLandscapeLeft UIInterfaceOrientationLandscapeRight";
				INFOPLIST_KEY_UISupportedInterfaceOrientations_iPhone = "UIInterfaceOrientationPortrait UIInterfaceOrientationLandscapeLeft UIInterfaceOrientationLandscapeRight";
				IPHONEOS_DEPLOYMENT_TARGET = 15.5;
				LD_RUNPATH_SEARCH_PATHS = (
					"$(inherited)",
					"@executable_path/Frameworks",
				);
				MARKETING_VERSION = 1.0;
				PRODUCT_BUNDLE_IDENTIFIER = "com.gunoo.TCA-Architecture";
				PRODUCT_NAME = TCA_Architecture;
				SDKROOT = iphoneos;
				SWIFT_EMIT_LOC_STRINGS = YES;
				SWIFT_VERSION = 5.0;
				TARGETED_DEVICE_FAMILY = "1,2";
				VALIDATE_PRODUCT = YES;
			};
			name = Release;
		};
		57E16CE728B382280025AE25 /* Debug */ = {
			isa = XCBuildConfiguration;
			buildSettings = {
				ALWAYS_EMBED_SWIFT_STANDARD_LIBRARIES = YES;
				CODE_SIGN_STYLE = Automatic;
				CURRENT_PROJECT_VERSION = 1;
				DEVELOPMENT_TEAM = SZGU56NFW7;
				GENERATE_INFOPLIST_FILE = YES;
				IPHONEOS_DEPLOYMENT_TARGET = 15.5;
				MARKETING_VERSION = 1.0;
				PRODUCT_BUNDLE_IDENTIFIER = "com.gunoo.Tests-iOS";
				PRODUCT_NAME = "$(TARGET_NAME)";
				SDKROOT = iphoneos;
				SWIFT_EMIT_LOC_STRINGS = NO;
				SWIFT_VERSION = 5.0;
				TARGETED_DEVICE_FAMILY = "1,2";
				TEST_TARGET_NAME = "TCA_Architecture (iOS)";
			};
			name = Debug;
		};
		57E16CE828B382280025AE25 /* Release */ = {
			isa = XCBuildConfiguration;
			buildSettings = {
				ALWAYS_EMBED_SWIFT_STANDARD_LIBRARIES = YES;
				CODE_SIGN_STYLE = Automatic;
				CURRENT_PROJECT_VERSION = 1;
				DEVELOPMENT_TEAM = SZGU56NFW7;
				GENERATE_INFOPLIST_FILE = YES;
				IPHONEOS_DEPLOYMENT_TARGET = 15.5;
				MARKETING_VERSION = 1.0;
				PRODUCT_BUNDLE_IDENTIFIER = "com.gunoo.Tests-iOS";
				PRODUCT_NAME = "$(TARGET_NAME)";
				SDKROOT = iphoneos;
				SWIFT_EMIT_LOC_STRINGS = NO;
				SWIFT_VERSION = 5.0;
				TARGETED_DEVICE_FAMILY = "1,2";
				TEST_TARGET_NAME = "TCA_Architecture (iOS)";
				VALIDATE_PRODUCT = YES;
			};
			name = Release;
		};
/* End XCBuildConfiguration section */

/* Begin XCConfigurationList section */
		57E16CA728B382220025AE25 /* Build configuration list for PBXProject "TCA_Architecture" */ = {
			isa = XCConfigurationList;
			buildConfigurations = (
				57E16CDE28B382280025AE25 /* Debug */,
				57E16CDF28B382280025AE25 /* Release */,
			);
			defaultConfigurationIsVisible = 0;
			defaultConfigurationName = Release;
		};
		57E16CE028B382280025AE25 /* Build configuration list for PBXNativeTarget "TCA_Architecture (iOS)" */ = {
			isa = XCConfigurationList;
			buildConfigurations = (
				57E16CE128B382280025AE25 /* Debug */,
				57E16CE228B382280025AE25 /* Release */,
			);
			defaultConfigurationIsVisible = 0;
			defaultConfigurationName = Release;
		};
		57E16CE628B382280025AE25 /* Build configuration list for PBXNativeTarget "Tests iOS" */ = {
			isa = XCConfigurationList;
			buildConfigurations = (
				57E16CE728B382280025AE25 /* Debug */,
				57E16CE828B382280025AE25 /* Release */,
			);
			defaultConfigurationIsVisible = 0;
			defaultConfigurationName = Release;
		};
/* End XCConfigurationList section */

/* Begin XCRemoteSwiftPackageReference section */
		57E16CEC28B386730025AE25 /* XCRemoteSwiftPackageReference "swift-composable-architecture" */ = {
			isa = XCRemoteSwiftPackageReference;
			repositoryURL = "https://github.com/pointfreeco/swift-composable-architecture";
			requirement = {
				branch = main;
				kind = branch;
			};
		};
/* End XCRemoteSwiftPackageReference section */

/* Begin XCSwiftPackageProductDependency section */
		57E16CED28B386730025AE25 /* ComposableArchitecture */ = {
			isa = XCSwiftPackageProductDependency;
			package = 57E16CEC28B386730025AE25 /* XCRemoteSwiftPackageReference "swift-composable-architecture" */;
			productName = ComposableArchitecture;
		};
/* End XCSwiftPackageProductDependency section */

/* Begin XCVersionGroup section */
		57E16CA928B382230025AE25 /* TCA_Architecture.xcdatamodeld */ = {
			isa = XCVersionGroup;
			children = (
				57E16CAA28B382230025AE25 /* Shared.xcdatamodel */,
			);
			currentVersion = 57E16CAA28B382230025AE25 /* Shared.xcdatamodel */;
			path = TCA_Architecture.xcdatamodeld;
			sourceTree = "<group>";
			versionGroupType = wrapper.xcdatamodel;
		};
/* End XCVersionGroup section */
	};
	rootObject = 57E16CA428B382220025AE25 /* Project object */;
}
